("quicklisp" .
 (:class qlot/source/dist:source-dist
  :initargs (:distribution "http://beta.quicklisp.org/dist/quicklisp.txt" :%version :latest)
  :version "2023-10-21"))
("ultralisp" .
 (:class qlot/source/dist:source-dist
  :initargs (:distribution "http://dist.ultralisp.org/" :%version :latest)
  :version "20240914140500"))
("slynk" .
 (:class qlot/source/github:source-github
  :initargs (:repos "svetlyak40wt/sly" :ref nil :branch "experiment-with-logical-paths" :tag nil)
  :version "github-35f601eff75dcec5b17ea0b4223dd072aa65bcf8"))
("slynk-macrostep" .
 (:class qlot/source/github:source-github
  :initargs (:repos "joaotavora/sly-macrostep" :ref nil :branch nil :tag nil)
  :version "github-5113e4e926cd752b1d0bcc1508b3ebad5def5fad"))
("slynk-named-readtables" .
 (:class qlot/source/github:source-github
  :initargs (:repos "joaotavora/sly-named-readtables" :ref nil :branch nil :tag nil)
  :version "github-a5a42674ccffa97ccd5e4e9742beaf3ea719931f"))
("slynk-package-inferred" .
 (:class qlot/source/github:source-github
  :initargs (:repos "40ants/sly-package-inferred" :ref nil :branch nil :tag nil)
  :version "github-ef3e24292abea3bc1196f50fa7da06dd266b6fc9"))
